
Microsoft Visual Studio Solution File, Format Version 12.00
# Visual Studio Version 17
VisualStudioVersion = 17.14.36414.22
MinimumVisualStudioVersion = 10.0.40219.1
Project("{FAE04EC0-301F-11D3-BF4B-00C04F79EFBC}") = "Tyuiu.ChetvertnyhAI.Sprint1.Task0.V18", "Tyuiu.ChetvertnyhAI.Sprint1.Task0.V18\Tyuiu.ChetvertnyhAI.Sprint1.Task0.V18.csproj", "{880DBDC7-646B-47FC-BDC8-704251DB08C0}"
EndProject
Project("{FAE04EC0-301F-11D3-BF4B-00C04F79EFBC}") = "Tyuiu.ChetvertnyhAI.Sprint1.Task0.V18.Lib", "Tyuiu.ChetvertnyhAI.Sprint1.Task0.V18.Lib\Tyuiu.ChetvertnyhAI.Sprint1.Task0.V18.Lib.csproj", "{FCB01BC0-9F59-4D3E-9125-CEEF57D71B9E}"
EndProject
Project("{FAE04EC0-301F-11D3-BF4B-00C04F79EFBC}") = "Tyuiu.ChetvertnyhAI.Sprint1.Task0.V18.Test", "Tyuiu.ChetvertnyhAI.Sprint1.Task0.V18.Test\Tyuiu.ChetvertnyhAI.Sprint1.Task0.V18.Test.csproj", "{17FA6678-462B-4AD2-A00E-9BA80D909770}"
EndProject
Project("{2150E333-8FDC-42A3-9474-1A3956D46DE8}") = "Task0", "Task0", "{02EA681E-C7D8-13C7-8484-4AC65E1B71E8}"
EndProject
Global
	GlobalSection(SolutionConfigurationPlatforms) = preSolution
		Debug|Any CPU = Debug|Any CPU
		Release|Any CPU = Release|Any CPU
	EndGlobalSection
	GlobalSection(ProjectConfigurationPlatforms) = postSolution
		{880DBDC7-646B-47FC-BDC8-704251DB08C0}.Debug|Any CPU.ActiveCfg = Debug|Any CPU
		{880DBDC7-646B-47FC-BDC8-704251DB08C0}.Debug|Any CPU.Build.0 = Debug|Any CPU
		{880DBDC7-646B-47FC-BDC8-704251DB08C0}.Release|Any CPU.ActiveCfg = Release|Any CPU
		{880DBDC7-646B-47FC-BDC8-704251DB08C0}.Release|Any CPU.Build.0 = Release|Any CPU
		{FCB01BC0-9F59-4D3E-9125-CEEF57D71B9E}.Debug|Any CPU.ActiveCfg = Debug|Any CPU
		{FCB01BC0-9F59-4D3E-9125-CEEF57D71B9E}.Debug|Any CPU.Build.0 = Debug|Any CPU
		{FCB01BC0-9F59-4D3E-9125-CEEF57D71B9E}.Release|Any CPU.ActiveCfg = Release|Any CPU
		{FCB01BC0-9F59-4D3E-9125-CEEF57D71B9E}.Release|Any CPU.Build.0 = Release|Any CPU
		{17FA6678-462B-4AD2-A00E-9BA80D909770}.Debug|Any CPU.ActiveCfg = Debug|Any CPU
		{17FA6678-462B-4AD2-A00E-9BA80D909770}.Debug|Any CPU.Build.0 = Debug|Any CPU
		{17FA6678-462B-4AD2-A00E-9BA80D909770}.Release|Any CPU.ActiveCfg = Release|Any CPU
		{17FA6678-462B-4AD2-A00E-9BA80D909770}.Release|Any CPU.Build.0 = Release|Any CPU
	EndGlobalSection
	GlobalSection(SolutionProperties) = preSolution
		HideSolutionNode = FALSE
	EndGlobalSection
	GlobalSection(NestedProjects) = preSolution
		{880DBDC7-646B-47FC-BDC8-704251DB08C0} = {02EA681E-C7D8-13C7-8484-4AC65E1B71E8}
		{FCB01BC0-9F59-4D3E-9125-CEEF57D71B9E} = {02EA681E-C7D8-13C7-8484-4AC65E1B71E8}
		{17FA6678-462B-4AD2-A00E-9BA80D909770} = {02EA681E-C7D8-13C7-8484-4AC65E1B71E8}
	EndGlobalSection
	GlobalSection(ExtensibilityGlobals) = postSolution
		SolutionGuid = {9D30BE5F-C240-4B49-8C83-0F1EBABFFEF8}
	EndGlobalSection
EndGlobal
