
Microsoft Visual Studio Solution File, Format Version 12.00
# Visual Studio Version 17
VisualStudioVersion = 17.14.36414.22
MinimumVisualStudioVersion = 10.0.40219.1
Project("{FAE04EC0-301F-11D3-BF4B-00C04F79EFBC}") = "Tyuiu.ChetvertnyhAI.Sprint1.Task0.V18", "Tyuiu.ChetvertnyhAI.Sprint1.Task0.V18\Tyuiu.ChetvertnyhAI.Sprint1.Task0.V18.csproj", "{880DBDC7-646B-47FC-BDC8-704251DB08C0}"
EndProject
Project("{FAE04EC0-301F-11D3-BF4B-00C04F79EFBC}") = "Tyuiu.ChetvertnyhAI.Sprint1.Task0.V18.Lib", "Tyuiu.ChetvertnyhAI.Sprint1.Task0.V18.Lib\Tyuiu.ChetvertnyhAI.Sprint1.Task0.V18.Lib.csproj", "{FCB01BC0-9F59-4D3E-9125-CEEF57D71B9E}"
EndProject
Project("{FAE04EC0-301F-11D3-BF4B-00C04F79EFBC}") = "Tyuiu.ChetvertnyhAI.Sprint1.Task0.V18.Test", "Tyuiu.ChetvertnyhAI.Sprint1.Task0.V18.Test\Tyuiu.ChetvertnyhAI.Sprint1.Task0.V18.Test.csproj", "{17FA6678-462B-4AD2-A00E-9BA80D909770}"
EndProject
Project("{2150E333-8FDC-42A3-9474-1A3956D46DE8}") = "Task0", "Task0", "{02EA681E-C7D8-13C7-8484-4AC65E1B71E8}"
EndProject
Project("{2150E333-8FDC-42A3-9474-1A3956D46DE8}") = "Task1", "Task1", "{1B5D6135-924B-4F37-AADB-1C0B57A33DAC}"
EndProject
Project("{FAE04EC0-301F-11D3-BF4B-00C04F79EFBC}") = "Tyuiu.ChetvertnyhAI.Sprint1.Task1.V7", "Tyuiu.ChetvertnyhAI.Sprint1.Task1.V7\Tyuiu.ChetvertnyhAI.Sprint1.Task1.V7.csproj", "{0FAC55D1-5356-4A94-9AEE-2E3EBFB876DB}"
EndProject
Project("{FAE04EC0-301F-11D3-BF4B-00C04F79EFBC}") = "Tyuiu.ChetvertnyhAI.Sprint1.Task1.V7.Lib", "Tyuiu.ChetvertnyhAI.Sprint1.Task1.V7.Lib\Tyuiu.ChetvertnyhAI.Sprint1.Task1.V7.Lib.csproj", "{41527128-0A30-4DB5-B45D-25681673FA5B}"
EndProject
Project("{FAE04EC0-301F-11D3-BF4B-00C04F79EFBC}") = "Tyuiu.ChetvertnyhAI.Sprint1.Task1.V7.Test", "Tyuiu.ChetvertnyhAI.Sprint1.Task1.V7.Test\Tyuiu.ChetvertnyhAI.Sprint1.Task1.V7.Test.csproj", "{6A5B09CA-F21B-45BF-B42E-8363A96F49CE}"
EndProject
Project("{2150E333-8FDC-42A3-9474-1A3956D46DE8}") = "Task2", "Task2", "{186B7FE0-585B-49B1-9327-FDEAEB0CB311}"
EndProject
Project("{FAE04EC0-301F-11D3-BF4B-00C04F79EFBC}") = "Tyuiu.ChetvertnyhAI.Sprint1.Task2.V20", "Tyuiu.ChetvertnyhAI.Sprint1.Task2.V20\Tyuiu.ChetvertnyhAI.Sprint1.Task2.V20.csproj", "{F6D3EF53-12A6-4DEA-ACCF-D875FD35DDB8}"
EndProject
Project("{FAE04EC0-301F-11D3-BF4B-00C04F79EFBC}") = "Tyuiu.ChetvertnyhAI.Sprint1.Task2.V20.Lib", "Tyuiu.ChetvertnyhAI.Sprint1.Task2.V20.Lib\Tyuiu.ChetvertnyhAI.Sprint1.Task2.V20.Lib.csproj", "{C1919DB8-E1F6-415B-9FF0-3531CE06704A}"
EndProject
Project("{FAE04EC0-301F-11D3-BF4B-00C04F79EFBC}") = "Tyuiu.ChetvertnyhAI.Sprint1.Task2.V20.Test", "Tyuiu.ChetvertnyhAI.Sprint1.Task2.V20.Test\Tyuiu.ChetvertnyhAI.Sprint1.Task2.V20.Test.csproj", "{521AF50A-79C2-405A-AFDD-616606FC7513}"
EndProject
Project("{2150E333-8FDC-42A3-9474-1A3956D46DE8}") = "Task3", "Task3", "{61C27DB5-C605-4125-94DC-BA36AAAD37CF}"
EndProject
Project("{FAE04EC0-301F-11D3-BF4B-00C04F79EFBC}") = "Tyuiu.ChetvertnyhAI.Sprint1.Task3.V7", "Tyuiu.ChetvertnyhAI.Sprint1.Task3.V7\Tyuiu.ChetvertnyhAI.Sprint1.Task3.V7.csproj", "{92425718-ED10-44F0-A39F-B761EB09E78E}"
EndProject
Project("{FAE04EC0-301F-11D3-BF4B-00C04F79EFBC}") = "Tyuiu.ChetvertnyhAI.Sprint1.Task3.V7.Lib", "Tyuiu.ChetvertnyhAI.Sprint1.Task3.V7.Lib\Tyuiu.ChetvertnyhAI.Sprint1.Task3.V7.Lib.csproj", "{A4D0A7A8-3C96-42F7-8541-AA17DF770B46}"
EndProject
Project("{FAE04EC0-301F-11D3-BF4B-00C04F79EFBC}") = "Tyuiu.ChetvertnyhAI.Sprint1.Task3.V7.Test", "Tyuiu.ChetvertnyhAI.Sprint1.Task3.V7.Test\Tyuiu.ChetvertnyhAI.Sprint1.Task3.V7.Test.csproj", "{9DAF0D3B-B1F7-40B7-A1FA-E198C4440EB8}"
EndProject
Project("{2150E333-8FDC-42A3-9474-1A3956D46DE8}") = "Task4", "Task4", "{F42BB20A-0607-407E-800A-44682D2E59EC}"
EndProject
Project("{FAE04EC0-301F-11D3-BF4B-00C04F79EFBC}") = "Tyuiu.ChetvertnyhAI.Sprint1.Task4.V30", "Tyuiu.ChetvertnyhAI.Sprint1.Task4.V30\Tyuiu.ChetvertnyhAI.Sprint1.Task4.V30.csproj", "{0679DE7F-D3EA-459F-A2B7-9E3D3DC4B3F6}"
EndProject
Project("{FAE04EC0-301F-11D3-BF4B-00C04F79EFBC}") = "Tyuiu.ChetvertnyhAI.Sprint1.Task4.V30.Lib", "Tyuiu.ChetvertnyhAI.Sprint1.Task4.V30.Lib\Tyuiu.ChetvertnyhAI.Sprint1.Task4.V30.Lib.csproj", "{B49163CD-0587-49D8-8EB9-B267728D906A}"
EndProject
Project("{FAE04EC0-301F-11D3-BF4B-00C04F79EFBC}") = "Tyuiu.ChetvertnyhAI.Sprint1.Task4.V30.Test", "Tyuiu.ChetvertnyhAI.Sprint1.Task4.V30.Test\Tyuiu.ChetvertnyhAI.Sprint1.Task4.V30.Test.csproj", "{657C4414-9617-4C3E-991A-6383DF689469}"
EndProject
Project("{2150E333-8FDC-42A3-9474-1A3956D46DE8}") = "Task5", "Task5", "{B1380F05-1FA7-45C6-A21A-8D8034FCF820}"
EndProject
Project("{FAE04EC0-301F-11D3-BF4B-00C04F79EFBC}") = "Tyuiu.ChetvertnyhAI.Sprint1.Task5.V1", "Tyuiu.ChetvertnyhAI.Sprint1.Task5.V1\Tyuiu.ChetvertnyhAI.Sprint1.Task5.V1.csproj", "{71D1B735-E779-4C08-AE62-0455DEC751AA}"
EndProject
Project("{FAE04EC0-301F-11D3-BF4B-00C04F79EFBC}") = "Tyuiu.ChetvertnyhAI.Sprint1.Task5.V1.Lib", "Tyuiu.ChetvertnyhAI.Sprint1.Task5.V1.Lib\Tyuiu.ChetvertnyhAI.Sprint1.Task5.V1.Lib.csproj", "{C045483A-F842-41F7-ACCC-5EC8BDB1860E}"
EndProject
Project("{FAE04EC0-301F-11D3-BF4B-00C04F79EFBC}") = "Tyuiu.ChetvertnyhAI.Sprint1.Task5.V1.Test", "Tyuiu.ChetvertnyhAI.Sprint1.Task5.V1.Test\Tyuiu.ChetvertnyhAI.Sprint1.Task5.V1.Test.csproj", "{4E3293EF-C800-43A5-8154-763936048F3C}"
EndProject
Global
	GlobalSection(SolutionConfigurationPlatforms) = preSolution
		Debug|Any CPU = Debug|Any CPU
		Release|Any CPU = Release|Any CPU
	EndGlobalSection
	GlobalSection(ProjectConfigurationPlatforms) = postSolution
		{880DBDC7-646B-47FC-BDC8-704251DB08C0}.Debug|Any CPU.ActiveCfg = Debug|Any CPU
		{880DBDC7-646B-47FC-BDC8-704251DB08C0}.Debug|Any CPU.Build.0 = Debug|Any CPU
		{880DBDC7-646B-47FC-BDC8-704251DB08C0}.Release|Any CPU.ActiveCfg = Release|Any CPU
		{880DBDC7-646B-47FC-BDC8-704251DB08C0}.Release|Any CPU.Build.0 = Release|Any CPU
		{FCB01BC0-9F59-4D3E-9125-CEEF57D71B9E}.Debug|Any CPU.ActiveCfg = Debug|Any CPU
		{FCB01BC0-9F59-4D3E-9125-CEEF57D71B9E}.Debug|Any CPU.Build.0 = Debug|Any CPU
		{FCB01BC0-9F59-4D3E-9125-CEEF57D71B9E}.Release|Any CPU.ActiveCfg = Release|Any CPU
		{FCB01BC0-9F59-4D3E-9125-CEEF57D71B9E}.Release|Any CPU.Build.0 = Release|Any CPU
		{17FA6678-462B-4AD2-A00E-9BA80D909770}.Debug|Any CPU.ActiveCfg = Debug|Any CPU
		{17FA6678-462B-4AD2-A00E-9BA80D909770}.Debug|Any CPU.Build.0 = Debug|Any CPU
		{17FA6678-462B-4AD2-A00E-9BA80D909770}.Release|Any CPU.ActiveCfg = Release|Any CPU
		{17FA6678-462B-4AD2-A00E-9BA80D909770}.Release|Any CPU.Build.0 = Release|Any CPU
		{0FAC55D1-5356-4A94-9AEE-2E3EBFB876DB}.Debug|Any CPU.ActiveCfg = Debug|Any CPU
		{0FAC55D1-5356-4A94-9AEE-2E3EBFB876DB}.Debug|Any CPU.Build.0 = Debug|Any CPU
		{0FAC55D1-5356-4A94-9AEE-2E3EBFB876DB}.Release|Any CPU.ActiveCfg = Release|Any CPU
		{0FAC55D1-5356-4A94-9AEE-2E3EBFB876DB}.Release|Any CPU.Build.0 = Release|Any CPU
		{41527128-0A30-4DB5-B45D-25681673FA5B}.Debug|Any CPU.ActiveCfg = Debug|Any CPU
		{41527128-0A30-4DB5-B45D-25681673FA5B}.Debug|Any CPU.Build.0 = Debug|Any CPU
		{41527128-0A30-4DB5-B45D-25681673FA5B}.Release|Any CPU.ActiveCfg = Release|Any CPU
		{41527128-0A30-4DB5-B45D-25681673FA5B}.Release|Any CPU.Build.0 = Release|Any CPU
		{6A5B09CA-F21B-45BF-B42E-8363A96F49CE}.Debug|Any CPU.ActiveCfg = Debug|Any CPU
		{6A5B09CA-F21B-45BF-B42E-8363A96F49CE}.Debug|Any CPU.Build.0 = Debug|Any CPU
		{6A5B09CA-F21B-45BF-B42E-8363A96F49CE}.Release|Any CPU.ActiveCfg = Release|Any CPU
		{6A5B09CA-F21B-45BF-B42E-8363A96F49CE}.Release|Any CPU.Build.0 = Release|Any CPU
		{F6D3EF53-12A6-4DEA-ACCF-D875FD35DDB8}.Debug|Any CPU.ActiveCfg = Debug|Any CPU
		{F6D3EF53-12A6-4DEA-ACCF-D875FD35DDB8}.Debug|Any CPU.Build.0 = Debug|Any CPU
		{F6D3EF53-12A6-4DEA-ACCF-D875FD35DDB8}.Release|Any CPU.ActiveCfg = Release|Any CPU
		{F6D3EF53-12A6-4DEA-ACCF-D875FD35DDB8}.Release|Any CPU.Build.0 = Release|Any CPU
		{C1919DB8-E1F6-415B-9FF0-3531CE06704A}.Debug|Any CPU.ActiveCfg = Debug|Any CPU
		{C1919DB8-E1F6-415B-9FF0-3531CE06704A}.Debug|Any CPU.Build.0 = Debug|Any CPU
		{C1919DB8-E1F6-415B-9FF0-3531CE06704A}.Release|Any CPU.ActiveCfg = Release|Any CPU
		{C1919DB8-E1F6-415B-9FF0-3531CE06704A}.Release|Any CPU.Build.0 = Release|Any CPU
		{521AF50A-79C2-405A-AFDD-616606FC7513}.Debug|Any CPU.ActiveCfg = Debug|Any CPU
		{521AF50A-79C2-405A-AFDD-616606FC7513}.Debug|Any CPU.Build.0 = Debug|Any CPU
		{521AF50A-79C2-405A-AFDD-616606FC7513}.Release|Any CPU.ActiveCfg = Release|Any CPU
		{521AF50A-79C2-405A-AFDD-616606FC7513}.Release|Any CPU.Build.0 = Release|Any CPU
		{92425718-ED10-44F0-A39F-B761EB09E78E}.Debug|Any CPU.ActiveCfg = Debug|Any CPU
		{92425718-ED10-44F0-A39F-B761EB09E78E}.Debug|Any CPU.Build.0 = Debug|Any CPU
		{92425718-ED10-44F0-A39F-B761EB09E78E}.Release|Any CPU.ActiveCfg = Release|Any CPU
		{92425718-ED10-44F0-A39F-B761EB09E78E}.Release|Any CPU.Build.0 = Release|Any CPU
		{A4D0A7A8-3C96-42F7-8541-AA17DF770B46}.Debug|Any CPU.ActiveCfg = Debug|Any CPU
		{A4D0A7A8-3C96-42F7-8541-AA17DF770B46}.Debug|Any CPU.Build.0 = Debug|Any CPU
		{A4D0A7A8-3C96-42F7-8541-AA17DF770B46}.Release|Any CPU.ActiveCfg = Release|Any CPU
		{A4D0A7A8-3C96-42F7-8541-AA17DF770B46}.Release|Any CPU.Build.0 = Release|Any CPU
		{9DAF0D3B-B1F7-40B7-A1FA-E198C4440EB8}.Debug|Any CPU.ActiveCfg = Debug|Any CPU
		{9DAF0D3B-B1F7-40B7-A1FA-E198C4440EB8}.Debug|Any CPU.Build.0 = Debug|Any CPU
		{9DAF0D3B-B1F7-40B7-A1FA-E198C4440EB8}.Release|Any CPU.ActiveCfg = Release|Any CPU
		{9DAF0D3B-B1F7-40B7-A1FA-E198C4440EB8}.Release|Any CPU.Build.0 = Release|Any CPU
		{0679DE7F-D3EA-459F-A2B7-9E3D3DC4B3F6}.Debug|Any CPU.ActiveCfg = Debug|Any CPU
		{0679DE7F-D3EA-459F-A2B7-9E3D3DC4B3F6}.Debug|Any CPU.Build.0 = Debug|Any CPU
		{0679DE7F-D3EA-459F-A2B7-9E3D3DC4B3F6}.Release|Any CPU.ActiveCfg = Release|Any CPU
		{0679DE7F-D3EA-459F-A2B7-9E3D3DC4B3F6}.Release|Any CPU.Build.0 = Release|Any CPU
		{B49163CD-0587-49D8-8EB9-B267728D906A}.Debug|Any CPU.ActiveCfg = Debug|Any CPU
		{B49163CD-0587-49D8-8EB9-B267728D906A}.Debug|Any CPU.Build.0 = Debug|Any CPU
		{B49163CD-0587-49D8-8EB9-B267728D906A}.Release|Any CPU.ActiveCfg = Release|Any CPU
		{B49163CD-0587-49D8-8EB9-B267728D906A}.Release|Any CPU.Build.0 = Release|Any CPU
		{657C4414-9617-4C3E-991A-6383DF689469}.Debug|Any CPU.ActiveCfg = Debug|Any CPU
		{657C4414-9617-4C3E-991A-6383DF689469}.Debug|Any CPU.Build.0 = Debug|Any CPU
		{657C4414-9617-4C3E-991A-6383DF689469}.Release|Any CPU.ActiveCfg = Release|Any CPU
		{657C4414-9617-4C3E-991A-6383DF689469}.Release|Any CPU.Build.0 = Release|Any CPU
		{71D1B735-E779-4C08-AE62-0455DEC751AA}.Debug|Any CPU.ActiveCfg = Debug|Any CPU
		{71D1B735-E779-4C08-AE62-0455DEC751AA}.Debug|Any CPU.Build.0 = Debug|Any CPU
		{71D1B735-E779-4C08-AE62-0455DEC751AA}.Release|Any CPU.ActiveCfg = Release|Any CPU
		{71D1B735-E779-4C08-AE62-0455DEC751AA}.Release|Any CPU.Build.0 = Release|Any CPU
		{C045483A-F842-41F7-ACCC-5EC8BDB1860E}.Debug|Any CPU.ActiveCfg = Debug|Any CPU
		{C045483A-F842-41F7-ACCC-5EC8BDB1860E}.Debug|Any CPU.Build.0 = Debug|Any CPU
		{C045483A-F842-41F7-ACCC-5EC8BDB1860E}.Release|Any CPU.ActiveCfg = Release|Any CPU
		{C045483A-F842-41F7-ACCC-5EC8BDB1860E}.Release|Any CPU.Build.0 = Release|Any CPU
		{4E3293EF-C800-43A5-8154-763936048F3C}.Debug|Any CPU.ActiveCfg = Debug|Any CPU
		{4E3293EF-C800-43A5-8154-763936048F3C}.Debug|Any CPU.Build.0 = Debug|Any CPU
		{4E3293EF-C800-43A5-8154-763936048F3C}.Release|Any CPU.ActiveCfg = Release|Any CPU
		{4E3293EF-C800-43A5-8154-763936048F3C}.Release|Any CPU.Build.0 = Release|Any CPU
	EndGlobalSection
	GlobalSection(SolutionProperties) = preSolution
		HideSolutionNode = FALSE
	EndGlobalSection
	GlobalSection(NestedProjects) = preSolution
		{880DBDC7-646B-47FC-BDC8-704251DB08C0} = {02EA681E-C7D8-13C7-8484-4AC65E1B71E8}
		{FCB01BC0-9F59-4D3E-9125-CEEF57D71B9E} = {02EA681E-C7D8-13C7-8484-4AC65E1B71E8}
		{17FA6678-462B-4AD2-A00E-9BA80D909770} = {02EA681E-C7D8-13C7-8484-4AC65E1B71E8}
		{0FAC55D1-5356-4A94-9AEE-2E3EBFB876DB} = {1B5D6135-924B-4F37-AADB-1C0B57A33DAC}
		{41527128-0A30-4DB5-B45D-25681673FA5B} = {1B5D6135-924B-4F37-AADB-1C0B57A33DAC}
		{6A5B09CA-F21B-45BF-B42E-8363A96F49CE} = {1B5D6135-924B-4F37-AADB-1C0B57A33DAC}
		{F6D3EF53-12A6-4DEA-ACCF-D875FD35DDB8} = {186B7FE0-585B-49B1-9327-FDEAEB0CB311}
		{C1919DB8-E1F6-415B-9FF0-3531CE06704A} = {186B7FE0-585B-49B1-9327-FDEAEB0CB311}
		{521AF50A-79C2-405A-AFDD-616606FC7513} = {186B7FE0-585B-49B1-9327-FDEAEB0CB311}
		{92425718-ED10-44F0-A39F-B761EB09E78E} = {61C27DB5-C605-4125-94DC-BA36AAAD37CF}
		{A4D0A7A8-3C96-42F7-8541-AA17DF770B46} = {61C27DB5-C605-4125-94DC-BA36AAAD37CF}
		{9DAF0D3B-B1F7-40B7-A1FA-E198C4440EB8} = {61C27DB5-C605-4125-94DC-BA36AAAD37CF}
		{0679DE7F-D3EA-459F-A2B7-9E3D3DC4B3F6} = {F42BB20A-0607-407E-800A-44682D2E59EC}
		{B49163CD-0587-49D8-8EB9-B267728D906A} = {F42BB20A-0607-407E-800A-44682D2E59EC}
		{657C4414-9617-4C3E-991A-6383DF689469} = {F42BB20A-0607-407E-800A-44682D2E59EC}
		{71D1B735-E779-4C08-AE62-0455DEC751AA} = {B1380F05-1FA7-45C6-A21A-8D8034FCF820}
		{C045483A-F842-41F7-ACCC-5EC8BDB1860E} = {B1380F05-1FA7-45C6-A21A-8D8034FCF820}
		{4E3293EF-C800-43A5-8154-763936048F3C} = {B1380F05-1FA7-45C6-A21A-8D8034FCF820}
	EndGlobalSection
	GlobalSection(ExtensibilityGlobals) = postSolution
		SolutionGuid = {9D30BE5F-C240-4B49-8C83-0F1EBABFFEF8}
	EndGlobalSection
EndGlobal
